// !$*UTF8*$!
{
	archiveVersion = 1;
	classes = {
	};
	objectVersion = 46;
	objects = {

/* Begin PBXBuildFile section */
		AB1906351DC17CBF0044E19F /* DragAndDropWebView.swift in Sources */ = {isa = PBXBuildFile; fileRef = AB1906341DC17CBF0044E19F /* DragAndDropWebView.swift */; };
		AB2B42FE1DAFF044001E054A /* StatusViewController.swift in Sources */ = {isa = PBXBuildFile; fileRef = AB2B42FD1DAFF044001E054A /* StatusViewController.swift */; };
		AB2C94E11DAEAD7D008DB042 /* apngasm in Resources */ = {isa = PBXBuildFile; fileRef = AB2C94DF1DAEAD7D008DB042 /* apngasm */; };
		AB2C94E51DAEAD89008DB042 /* apngdis in Resources */ = {isa = PBXBuildFile; fileRef = AB2C94E31DAEAD89008DB042 /* apngdis */; };
		AB2D0AB91DC929C600F3B425 /* DragAndDropView.swift in Sources */ = {isa = PBXBuildFile; fileRef = AB2D0AB81DC929C600F3B425 /* DragAndDropView.swift */; };
		AB2D0ABB1DC95A7500F3B425 /* DragAndDropValidator.swift in Sources */ = {isa = PBXBuildFile; fileRef = AB2D0ABA1DC95A7500F3B425 /* DragAndDropValidator.swift */; };
		AB36BB411DB17AA3001F4DDD /* AssemblyArguments.swift in Sources */ = {isa = PBXBuildFile; fileRef = AB36BB401DB17AA3001F4DDD /* AssemblyArguments.swift */; };
		AB36BB441DB17BFF001F4DDD /* Playback.swift in Sources */ = {isa = PBXBuildFile; fileRef = AB36BB431DB17BFF001F4DDD /* Playback.swift */; };
		AB36BB461DB17D9E001F4DDD /* Optimization.swift in Sources */ = {isa = PBXBuildFile; fileRef = AB36BB451DB17D9E001F4DDD /* Optimization.swift */; };
		AB36BB481DB17E24001F4DDD /* Compression.swift in Sources */ = {isa = PBXBuildFile; fileRef = AB36BB471DB17E24001F4DDD /* Compression.swift */; };
		AB36BB4A1DB183E3001F4DDD /* FrameDelay.swift in Sources */ = {isa = PBXBuildFile; fileRef = AB36BB491DB183E3001F4DDD /* FrameDelay.swift */; };
		AB3DF2301D8DDE660048BE0A /* AppDelegate.swift in Sources */ = {isa = PBXBuildFile; fileRef = AB3DF22F1D8DDE660048BE0A /* AppDelegate.swift */; };
		AB3DF2341D8DDE660048BE0A /* Assets.xcassets in Resources */ = {isa = PBXBuildFile; fileRef = AB3DF2331D8DDE660048BE0A /* Assets.xcassets */; };
		AB3DF2371D8DDE660048BE0A /* Main.storyboard in Resources */ = {isa = PBXBuildFile; fileRef = AB3DF2351D8DDE660048BE0A /* Main.storyboard */; };
		AB97CAC91DA1600300A6A272 /* AssemblyViewController.swift in Sources */ = {isa = PBXBuildFile; fileRef = AB97CAC51DA1600300A6A272 /* AssemblyViewController.swift */; };
		AB97CACA1DA1600300A6A272 /* AssemblyViewController.swift in Sources */ = {isa = PBXBuildFile; fileRef = AB97CAC51DA1600300A6A272 /* AssemblyViewController.swift */; };
		AB97CACB1DA1600300A6A272 /* DisassemblyViewController.swift in Sources */ = {isa = PBXBuildFile; fileRef = AB97CAC61DA1600300A6A272 /* DisassemblyViewController.swift */; };
		AB97CACC1DA1600300A6A272 /* DisassemblyViewController.swift in Sources */ = {isa = PBXBuildFile; fileRef = AB97CAC61DA1600300A6A272 /* DisassemblyViewController.swift */; };
		AB97CACD1DA1600300A6A272 /* MainViewController.swift in Sources */ = {isa = PBXBuildFile; fileRef = AB97CAC71DA1600300A6A272 /* MainViewController.swift */; };
		AB97CACE1DA1600300A6A272 /* MainViewController.swift in Sources */ = {isa = PBXBuildFile; fileRef = AB97CAC71DA1600300A6A272 /* MainViewController.swift */; };
		AB98302A1DB7803A009E0254 /* Global.swift in Sources */ = {isa = PBXBuildFile; fileRef = AB9830291DB7803A009E0254 /* Global.swift */; };
		AB9830331DB79C57009E0254 /* DisassemblyArguments.swift in Sources */ = {isa = PBXBuildFile; fileRef = AB9830321DB79C57009E0254 /* DisassemblyArguments.swift */; };
		AB9830381DB7A844009E0254 /* CommandArguments.swift in Sources */ = {isa = PBXBuildFile; fileRef = AB9830371DB7A844009E0254 /* CommandArguments.swift */; };
		AB98303A1DB7B065009E0254 /* FileManager+Extension.swift in Sources */ = {isa = PBXBuildFile; fileRef = AB9830391DB7B065009E0254 /* FileManager+Extension.swift */; };
		ABC011F51DE26CA8008BB3B8 /* OptimizerViewController.swift in Sources */ = {isa = PBXBuildFile; fileRef = ABC011F41DE26CA8008BB3B8 /* OptimizerViewController.swift */; };
		ABC011F81DE26EC6008BB3B8 /* apngopt in Resources */ = {isa = PBXBuildFile; fileRef = ABC011F71DE26EC6008BB3B8 /* apngopt */; };
		ABC011FB1DE26F33008BB3B8 /* gif2apng in Resources */ = {isa = PBXBuildFile; fileRef = ABC011FA1DE26F33008BB3B8 /* gif2apng */; };
		ABD65CF41DE1DF4800470879 /* ConvertGifViewController.swift in Sources */ = {isa = PBXBuildFile; fileRef = ABD65CF31DE1DF4800470879 /* ConvertGifViewController.swift */; };
		ABD680771DB8EBB200A4735E /* String+Extension.swift in Sources */ = {isa = PBXBuildFile; fileRef = ABD680761DB8EBB200A4735E /* String+Extension.swift */; };
		ABD8C3711DB52D3E00C74183 /* Bool+Extension.swift in Sources */ = {isa = PBXBuildFile; fileRef = ABD8C3701DB52D3E00C74183 /* Bool+Extension.swift */; };
		ABD8C3741DB58A2400C74183 /* DroppedImage.swift in Sources */ = {isa = PBXBuildFile; fileRef = ABD8C3731DB58A2400C74183 /* DroppedImage.swift */; };
		ABF4090F1DA9BB5800B0D373 /* ExecutableProcess.swift in Sources */ = {isa = PBXBuildFile; fileRef = ABF4090E1DA9BB5800B0D373 /* ExecutableProcess.swift */; };
		ABF409171DAAF35000B0D373 /* Command.swift in Sources */ = {isa = PBXBuildFile; fileRef = ABF409161DAAF35000B0D373 /* Command.swift */; };
/* End PBXBuildFile section */

/* Begin PBXContainerItemProxy section */
		AB3DF23E1D8DDE660048BE0A /* PBXContainerItemProxy */ = {
			isa = PBXContainerItemProxy;
			containerPortal = AB3DF2241D8DDE660048BE0A /* Project object */;
			proxyType = 1;
			remoteGlobalIDString = AB3DF22B1D8DDE660048BE0A;
			remoteInfo = APNGb;
		};
/* End PBXContainerItemProxy section */

/* Begin PBXFileReference section */
		AB1906341DC17CBF0044E19F /* DragAndDropWebView.swift */ = {isa = PBXFileReference; fileEncoding = 4; lastKnownFileType = sourcecode.swift; name = DragAndDropWebView.swift; path = CustomViews/DragAndDropWebView.swift; sourceTree = "<group>"; };
		AB2B42FD1DAFF044001E054A /* StatusViewController.swift */ = {isa = PBXFileReference; fileEncoding = 4; lastKnownFileType = sourcecode.swift; name = StatusViewController.swift; path = ViewControllers/StatusViewController.swift; sourceTree = "<group>"; };
		AB2C94DF1DAEAD7D008DB042 /* apngasm */ = {isa = PBXFileReference; lastKnownFileType = "compiled.mach-o.executable"; name = apngasm; path = APNGb/Executables/apngasm; sourceTree = SOURCE_ROOT; };
		AB2C94E31DAEAD89008DB042 /* apngdis */ = {isa = PBXFileReference; lastKnownFileType = "compiled.mach-o.executable"; name = apngdis; path = APNGb/Executables/apngdis; sourceTree = SOURCE_ROOT; };
		AB2D0AB81DC929C600F3B425 /* DragAndDropView.swift */ = {isa = PBXFileReference; fileEncoding = 4; lastKnownFileType = sourcecode.swift; name = DragAndDropView.swift; path = CustomViews/DragAndDropView.swift; sourceTree = "<group>"; };
		AB2D0ABA1DC95A7500F3B425 /* DragAndDropValidator.swift */ = {isa = PBXFileReference; fileEncoding = 4; lastKnownFileType = sourcecode.swift; name = DragAndDropValidator.swift; path = CustomViews/DragAndDropValidator.swift; sourceTree = "<group>"; };
		AB36BB401DB17AA3001F4DDD /* AssemblyArguments.swift */ = {isa = PBXFileReference; fileEncoding = 4; lastKnownFileType = sourcecode.swift; name = AssemblyArguments.swift; path = Library/AssemblyArguments.swift; sourceTree = "<group>"; };
		AB36BB431DB17BFF001F4DDD /* Playback.swift */ = {isa = PBXFileReference; fileEncoding = 4; lastKnownFileType = sourcecode.swift; name = Playback.swift; path = Library/Playback.swift; sourceTree = "<group>"; };
		AB36BB451DB17D9E001F4DDD /* Optimization.swift */ = {isa = PBXFileReference; fileEncoding = 4; lastKnownFileType = sourcecode.swift; name = Optimization.swift; path = Library/Optimization.swift; sourceTree = "<group>"; };
		AB36BB471DB17E24001F4DDD /* Compression.swift */ = {isa = PBXFileReference; fileEncoding = 4; lastKnownFileType = sourcecode.swift; name = Compression.swift; path = Library/Compression.swift; sourceTree = "<group>"; };
		AB36BB491DB183E3001F4DDD /* FrameDelay.swift */ = {isa = PBXFileReference; fileEncoding = 4; lastKnownFileType = sourcecode.swift; name = FrameDelay.swift; path = Library/FrameDelay.swift; sourceTree = "<group>"; };
		AB3DF22C1D8DDE660048BE0A /* APNGb.app */ = {isa = PBXFileReference; explicitFileType = wrapper.application; includeInIndex = 0; path = APNGb.app; sourceTree = BUILT_PRODUCTS_DIR; };
		AB3DF22F1D8DDE660048BE0A /* AppDelegate.swift */ = {isa = PBXFileReference; lastKnownFileType = sourcecode.swift; path = AppDelegate.swift; sourceTree = "<group>"; };
		AB3DF2331D8DDE660048BE0A /* Assets.xcassets */ = {isa = PBXFileReference; lastKnownFileType = folder.assetcatalog; path = Assets.xcassets; sourceTree = "<group>"; };
		AB3DF2361D8DDE660048BE0A /* Base */ = {isa = PBXFileReference; lastKnownFileType = file.storyboard; name = Base; path = Base.lproj/Main.storyboard; sourceTree = "<group>"; };
		AB3DF2381D8DDE660048BE0A /* Info.plist */ = {isa = PBXFileReference; lastKnownFileType = text.plist.xml; path = Info.plist; sourceTree = "<group>"; };
		AB3DF23D1D8DDE660048BE0A /* APNGbTests.xctest */ = {isa = PBXFileReference; explicitFileType = wrapper.cfbundle; includeInIndex = 0; path = APNGbTests.xctest; sourceTree = BUILT_PRODUCTS_DIR; };
		AB3DF2431D8DDE660048BE0A /* Info.plist */ = {isa = PBXFileReference; lastKnownFileType = text.plist.xml; path = Info.plist; sourceTree = "<group>"; };
		AB97CAC51DA1600300A6A272 /* AssemblyViewController.swift */ = {isa = PBXFileReference; fileEncoding = 4; lastKnownFileType = sourcecode.swift; name = AssemblyViewController.swift; path = ViewControllers/AssemblyViewController.swift; sourceTree = "<group>"; };
		AB97CAC61DA1600300A6A272 /* DisassemblyViewController.swift */ = {isa = PBXFileReference; fileEncoding = 4; lastKnownFileType = sourcecode.swift; name = DisassemblyViewController.swift; path = ViewControllers/DisassemblyViewController.swift; sourceTree = "<group>"; };
		AB97CAC71DA1600300A6A272 /* MainViewController.swift */ = {isa = PBXFileReference; fileEncoding = 4; lastKnownFileType = sourcecode.swift; name = MainViewController.swift; path = ViewControllers/MainViewController.swift; sourceTree = "<group>"; };
		AB9830291DB7803A009E0254 /* Global.swift */ = {isa = PBXFileReference; fileEncoding = 4; lastKnownFileType = sourcecode.swift; name = Global.swift; path = Utilities/Global.swift; sourceTree = "<group>"; };
		AB9830321DB79C57009E0254 /* DisassemblyArguments.swift */ = {isa = PBXFileReference; fileEncoding = 4; lastKnownFileType = sourcecode.swift; name = DisassemblyArguments.swift; path = Library/DisassemblyArguments.swift; sourceTree = "<group>"; };
		AB9830371DB7A844009E0254 /* CommandArguments.swift */ = {isa = PBXFileReference; fileEncoding = 4; lastKnownFileType = sourcecode.swift; name = CommandArguments.swift; path = Library/CommandArguments.swift; sourceTree = "<group>"; };
		AB9830391DB7B065009E0254 /* FileManager+Extension.swift */ = {isa = PBXFileReference; fileEncoding = 4; lastKnownFileType = sourcecode.swift; name = "FileManager+Extension.swift"; path = "Extensions/FileManager+Extension.swift"; sourceTree = "<group>"; };
		ABC011F41DE26CA8008BB3B8 /* OptimizerViewController.swift */ = {isa = PBXFileReference; fileEncoding = 4; lastKnownFileType = sourcecode.swift; name = OptimizerViewController.swift; path = ViewControllers/OptimizerViewController.swift; sourceTree = "<group>"; };
		ABC011F71DE26EC6008BB3B8 /* apngopt */ = {isa = PBXFileReference; lastKnownFileType = "compiled.mach-o.executable"; name = apngopt; path = APNGb/Executables/apngopt; sourceTree = SOURCE_ROOT; };
		ABC011FA1DE26F33008BB3B8 /* gif2apng */ = {isa = PBXFileReference; lastKnownFileType = "compiled.mach-o.executable"; name = gif2apng; path = APNGb/Executables/gif2apng; sourceTree = SOURCE_ROOT; };
		ABD65CF31DE1DF4800470879 /* ConvertGifViewController.swift */ = {isa = PBXFileReference; fileEncoding = 4; lastKnownFileType = sourcecode.swift; name = ConvertGifViewController.swift; path = ViewControllers/ConvertGifViewController.swift; sourceTree = "<group>"; };
		ABD680761DB8EBB200A4735E /* String+Extension.swift */ = {isa = PBXFileReference; fileEncoding = 4; lastKnownFileType = sourcecode.swift; name = "String+Extension.swift"; path = "Extensions/String+Extension.swift"; sourceTree = "<group>"; };
		ABD8C3701DB52D3E00C74183 /* Bool+Extension.swift */ = {isa = PBXFileReference; fileEncoding = 4; lastKnownFileType = sourcecode.swift; name = "Bool+Extension.swift"; path = "Extensions/Bool+Extension.swift"; sourceTree = "<group>"; };
		ABD8C3731DB58A2400C74183 /* DroppedImage.swift */ = {isa = PBXFileReference; fileEncoding = 4; lastKnownFileType = sourcecode.swift; name = DroppedImage.swift; path = Models/DroppedImage.swift; sourceTree = "<group>"; };
		ABF4090E1DA9BB5800B0D373 /* ExecutableProcess.swift */ = {isa = PBXFileReference; fileEncoding = 4; lastKnownFileType = sourcecode.swift; name = ExecutableProcess.swift; path = Library/ExecutableProcess.swift; sourceTree = "<group>"; };
		ABF409161DAAF35000B0D373 /* Command.swift */ = {isa = PBXFileReference; fileEncoding = 4; lastKnownFileType = sourcecode.swift; name = Command.swift; path = Library/Command.swift; sourceTree = "<group>"; };
/* End PBXFileReference section */

/* Begin PBXFrameworksBuildPhase section */
		AB3DF2291D8DDE660048BE0A /* Frameworks */ = {
			isa = PBXFrameworksBuildPhase;
			buildActionMask = 2147483647;
			files = (
			);
			runOnlyForDeploymentPostprocessing = 0;
		};
		AB3DF23A1D8DDE660048BE0A /* Frameworks */ = {
			isa = PBXFrameworksBuildPhase;
			buildActionMask = 2147483647;
			files = (
			);
			runOnlyForDeploymentPostprocessing = 0;
		};
/* End PBXFrameworksBuildPhase section */

/* Begin PBXGroup section */
		AB2B42FA1DAFEA61001E054A /* Storyboards */ = {
			isa = PBXGroup;
			children = (
				AB3DF2351D8DDE660048BE0A /* Main.storyboard */,
			);
			name = Storyboards;
			sourceTree = "<group>";
		};
		AB2C94E91DAEBD25008DB042 /* CustomViews */ = {
			isa = PBXGroup;
			children = (
				AB2D0ABA1DC95A7500F3B425 /* DragAndDropValidator.swift */,
				AB2D0AB81DC929C600F3B425 /* DragAndDropView.swift */,
				AB1906341DC17CBF0044E19F /* DragAndDropWebView.swift */,
			);
			name = CustomViews;
			sourceTree = "<group>";
		};
		AB36BB421DB17BC2001F4DDD /* AssemblyArguments */ = {
			isa = PBXGroup;
			children = (
				AB36BB401DB17AA3001F4DDD /* AssemblyArguments.swift */,
				AB36BB431DB17BFF001F4DDD /* Playback.swift */,
				AB36BB451DB17D9E001F4DDD /* Optimization.swift */,
				AB36BB471DB17E24001F4DDD /* Compression.swift */,
				AB36BB491DB183E3001F4DDD /* FrameDelay.swift */,
			);
			name = AssemblyArguments;
			sourceTree = "<group>";
		};
		AB3DF2231D8DDE660048BE0A = {
			isa = PBXGroup;
			children = (
				AB3DF22E1D8DDE660048BE0A /* APNGb */,
				AB3DF2401D8DDE660048BE0A /* APNGbTests */,
				AB3DF22D1D8DDE660048BE0A /* Products */,
			);
			sourceTree = "<group>";
		};
		AB3DF22D1D8DDE660048BE0A /* Products */ = {
			isa = PBXGroup;
			children = (
				AB3DF22C1D8DDE660048BE0A /* APNGb.app */,
				AB3DF23D1D8DDE660048BE0A /* APNGbTests.xctest */,
			);
			name = Products;
			sourceTree = "<group>";
		};
		AB3DF22E1D8DDE660048BE0A /* APNGb */ = {
			isa = PBXGroup;
			children = (
				AB3DF22F1D8DDE660048BE0A /* AppDelegate.swift */,
				AB3DF24C1D8E0D400048BE0A /* ViewControllers */,
				AB98302B1DB78048009E0254 /* Utilities */,
				ABF4090D1DA9B92700B0D373 /* Library */,
				AB9830261DB69069009E0254 /* Models */,
				AB2C94E91DAEBD25008DB042 /* CustomViews */,
				ABD8C36F1DB52CE000C74183 /* Extensions */,
				AB97CB561DA3093D00A6A272 /* Executables */,
				AB3DF24E1D8E0D590048BE0A /* Resources */,
				AB3DF24D1D8E0D4C0048BE0A /* Others */,
			);
			path = APNGb;
			sourceTree = "<group>";
		};
		AB3DF2401D8DDE660048BE0A /* APNGbTests */ = {
			isa = PBXGroup;
			children = (
				AB3DF2431D8DDE660048BE0A /* Info.plist */,
			);
			path = APNGbTests;
			sourceTree = "<group>";
		};
		AB3DF24C1D8E0D400048BE0A /* ViewControllers */ = {
			isa = PBXGroup;
			children = (
				AB97CAC71DA1600300A6A272 /* MainViewController.swift */,
				AB97CAC51DA1600300A6A272 /* AssemblyViewController.swift */,
				AB97CAC61DA1600300A6A272 /* DisassemblyViewController.swift */,
				AB2B42FD1DAFF044001E054A /* StatusViewController.swift */,
				ABD65CF31DE1DF4800470879 /* ConvertGifViewController.swift */,
				ABC011F41DE26CA8008BB3B8 /* OptimizerViewController.swift */,
			);
			name = ViewControllers;
			sourceTree = "<group>";
		};
		AB3DF24D1D8E0D4C0048BE0A /* Others */ = {
			isa = PBXGroup;
			children = (
				AB3DF2381D8DDE660048BE0A /* Info.plist */,
			);
			name = Others;
			sourceTree = "<group>";
		};
		AB3DF24E1D8E0D590048BE0A /* Resources */ = {
			isa = PBXGroup;
			children = (
				AB3DF2331D8DDE660048BE0A /* Assets.xcassets */,
				AB2B42FA1DAFEA61001E054A /* Storyboards */,
			);
			name = Resources;
			sourceTree = "<group>";
		};
		AB8F4A0A1DADA0CA0002C73D /* Assembler */ = {
			isa = PBXGroup;
			children = (
				AB2C94DF1DAEAD7D008DB042 /* apngasm */,
			);
			name = Assembler;
			sourceTree = "<group>";
		};
		AB8F4A0B1DADA0DA0002C73D /* Disassembler */ = {
			isa = PBXGroup;
			children = (
				AB2C94E31DAEAD89008DB042 /* apngdis */,
			);
			name = Disassembler;
			sourceTree = "<group>";
		};
		AB97CB561DA3093D00A6A272 /* Executables */ = {
			isa = PBXGroup;
			children = (
				AB8F4A0A1DADA0CA0002C73D /* Assembler */,
				AB8F4A0B1DADA0DA0002C73D /* Disassembler */,
				ABC011F61DE26EBC008BB3B8 /* Optimizer */,
				ABC011F91DE26F19008BB3B8 /* Gif2Apng */,
			);
			name = Executables;
			path = Scripts;
			sourceTree = "<group>";
		};
		AB9830261DB69069009E0254 /* Models */ = {
			isa = PBXGroup;
			children = (
				ABD8C3731DB58A2400C74183 /* DroppedImage.swift */,
			);
			name = Models;
			sourceTree = "<group>";
		};
		AB98302B1DB78048009E0254 /* Utilities */ = {
			isa = PBXGroup;
			children = (
				AB9830291DB7803A009E0254 /* Global.swift */,
			);
			name = Utilities;
			sourceTree = "<group>";
		};
		AB9830311DB79C14009E0254 /* DisassemblyArguments */ = {
			isa = PBXGroup;
			children = (
				AB9830321DB79C57009E0254 /* DisassemblyArguments.swift */,
			);
			name = DisassemblyArguments;
			sourceTree = "<group>";
		};
		ABC011F61DE26EBC008BB3B8 /* Optimizer */ = {
			isa = PBXGroup;
			children = (
				ABC011F71DE26EC6008BB3B8 /* apngopt */,
			);
			name = Optimizer;
			sourceTree = "<group>";
		};
		ABC011F91DE26F19008BB3B8 /* Gif2Apng */ = {
			isa = PBXGroup;
			children = (
				ABC011FA1DE26F33008BB3B8 /* gif2apng */,
			);
			name = Gif2Apng;
			sourceTree = "<group>";
		};
		ABD8C36F1DB52CE000C74183 /* Extensions */ = {
			isa = PBXGroup;
			children = (
				ABD8C3701DB52D3E00C74183 /* Bool+Extension.swift */,
				AB9830391DB7B065009E0254 /* FileManager+Extension.swift */,
				ABD680761DB8EBB200A4735E /* String+Extension.swift */,
			);
			name = Extensions;
			sourceTree = "<group>";
		};
		ABF4090D1DA9B92700B0D373 /* Library */ = {
			isa = PBXGroup;
			children = (
				ABF409161DAAF35000B0D373 /* Command.swift */,
				ABF4090E1DA9BB5800B0D373 /* ExecutableProcess.swift */,
				AB9830371DB7A844009E0254 /* CommandArguments.swift */,
				AB36BB421DB17BC2001F4DDD /* AssemblyArguments */,
				AB9830311DB79C14009E0254 /* DisassemblyArguments */,
			);
			name = Library;
			sourceTree = "<group>";
		};
/* End PBXGroup section */

/* Begin PBXNativeTarget section */
		AB3DF22B1D8DDE660048BE0A /* APNGb */ = {
			isa = PBXNativeTarget;
			buildConfigurationList = AB3DF2461D8DDE660048BE0A /* Build configuration list for PBXNativeTarget "APNGb" */;
			buildPhases = (
				AB3DF2281D8DDE660048BE0A /* Sources */,
				AB3DF2291D8DDE660048BE0A /* Frameworks */,
				AB3DF22A1D8DDE660048BE0A /* Resources */,
			);
			buildRules = (
			);
			dependencies = (
			);
			name = APNGb;
			productName = APNGb;
			productReference = AB3DF22C1D8DDE660048BE0A /* APNGb.app */;
			productType = "com.apple.product-type.application";
		};
		AB3DF23C1D8DDE660048BE0A /* APNGbTests */ = {
			isa = PBXNativeTarget;
			buildConfigurationList = AB3DF2491D8DDE660048BE0A /* Build configuration list for PBXNativeTarget "APNGbTests" */;
			buildPhases = (
				AB3DF2391D8DDE660048BE0A /* Sources */,
				AB3DF23A1D8DDE660048BE0A /* Frameworks */,
				AB3DF23B1D8DDE660048BE0A /* Resources */,
			);
			buildRules = (
			);
			dependencies = (
				AB3DF23F1D8DDE660048BE0A /* PBXTargetDependency */,
			);
			name = APNGbTests;
			productName = APNGbTests;
			productReference = AB3DF23D1D8DDE660048BE0A /* APNGbTests.xctest */;
			productType = "com.apple.product-type.bundle.unit-test";
		};
/* End PBXNativeTarget section */

/* Begin PBXProject section */
		AB3DF2241D8DDE660048BE0A /* Project object */ = {
			isa = PBXProject;
			attributes = {
				LastSwiftUpdateCheck = 0800;
				LastUpgradeCheck = 0810;
				ORGANIZATIONNAME = "Godoroja Stefan";
				TargetAttributes = {
					AB3DF22B1D8DDE660048BE0A = {
						CreatedOnToolsVersion = 8.0;
						DevelopmentTeam = Q453Q9XLFV;
						ProvisioningStyle = Automatic;
					};
					AB3DF23C1D8DDE660048BE0A = {
						CreatedOnToolsVersion = 8.0;
						DevelopmentTeam = Q453Q9XLFV;
						ProvisioningStyle = Automatic;
						TestTargetID = AB3DF22B1D8DDE660048BE0A;
					};
				};
			};
			buildConfigurationList = AB3DF2271D8DDE660048BE0A /* Build configuration list for PBXProject "APNGb" */;
			compatibilityVersion = "Xcode 3.2";
			developmentRegion = English;
			hasScannedForEncodings = 0;
			knownRegions = (
				en,
				Base,
			);
			mainGroup = AB3DF2231D8DDE660048BE0A;
			productRefGroup = AB3DF22D1D8DDE660048BE0A /* Products */;
			projectDirPath = "";
			projectRoot = "";
			targets = (
				AB3DF22B1D8DDE660048BE0A /* APNGb */,
				AB3DF23C1D8DDE660048BE0A /* APNGbTests */,
			);
		};
/* End PBXProject section */

/* Begin PBXResourcesBuildPhase section */
		AB3DF22A1D8DDE660048BE0A /* Resources */ = {
			isa = PBXResourcesBuildPhase;
			buildActionMask = 2147483647;
			files = (
				ABC011F81DE26EC6008BB3B8 /* apngopt in Resources */,
				AB2C94E11DAEAD7D008DB042 /* apngasm in Resources */,
				ABC011FB1DE26F33008BB3B8 /* gif2apng in Resources */,
				AB2C94E51DAEAD89008DB042 /* apngdis in Resources */,
				AB3DF2341D8DDE660048BE0A /* Assets.xcassets in Resources */,
				AB3DF2371D8DDE660048BE0A /* Main.storyboard in Resources */,
			);
			runOnlyForDeploymentPostprocessing = 0;
		};
		AB3DF23B1D8DDE660048BE0A /* Resources */ = {
			isa = PBXResourcesBuildPhase;
			buildActionMask = 2147483647;
			files = (
			);
			runOnlyForDeploymentPostprocessing = 0;
		};
/* End PBXResourcesBuildPhase section */

/* Begin PBXSourcesBuildPhase section */
		AB3DF2281D8DDE660048BE0A /* Sources */ = {
			isa = PBXSourcesBuildPhase;
			buildActionMask = 2147483647;
			files = (
				AB36BB461DB17D9E001F4DDD /* Optimization.swift in Sources */,
				AB98303A1DB7B065009E0254 /* FileManager+Extension.swift in Sources */,
				AB2B42FE1DAFF044001E054A /* StatusViewController.swift in Sources */,
				ABD65CF41DE1DF4800470879 /* ConvertGifViewController.swift in Sources */,
				AB36BB481DB17E24001F4DDD /* Compression.swift in Sources */,
				AB2D0AB91DC929C600F3B425 /* DragAndDropView.swift in Sources */,
				AB97CAC91DA1600300A6A272 /* AssemblyViewController.swift in Sources */,
				AB9830381DB7A844009E0254 /* CommandArguments.swift in Sources */,
				AB36BB4A1DB183E3001F4DDD /* FrameDelay.swift in Sources */,
				AB97CACB1DA1600300A6A272 /* DisassemblyViewController.swift in Sources */,
				ABC011F51DE26CA8008BB3B8 /* OptimizerViewController.swift in Sources */,
				ABD680771DB8EBB200A4735E /* String+Extension.swift in Sources */,
				ABF4090F1DA9BB5800B0D373 /* ExecutableProcess.swift in Sources */,
				AB2D0ABB1DC95A7500F3B425 /* DragAndDropValidator.swift in Sources */,
				AB36BB411DB17AA3001F4DDD /* AssemblyArguments.swift in Sources */,
				AB98302A1DB7803A009E0254 /* Global.swift in Sources */,
				AB1906351DC17CBF0044E19F /* DragAndDropWebView.swift in Sources */,
				ABD8C3711DB52D3E00C74183 /* Bool+Extension.swift in Sources */,
				AB3DF2301D8DDE660048BE0A /* AppDelegate.swift in Sources */,
				AB9830331DB79C57009E0254 /* DisassemblyArguments.swift in Sources */,
				ABD8C3741DB58A2400C74183 /* DroppedImage.swift in Sources */,
				AB97CACD1DA1600300A6A272 /* MainViewController.swift in Sources */,
				AB36BB441DB17BFF001F4DDD /* Playback.swift in Sources */,
				ABF409171DAAF35000B0D373 /* Command.swift in Sources */,
			);
			runOnlyForDeploymentPostprocessing = 0;
		};
		AB3DF2391D8DDE660048BE0A /* Sources */ = {
			isa = PBXSourcesBuildPhase;
			buildActionMask = 2147483647;
			files = (
				AB97CACA1DA1600300A6A272 /* AssemblyViewController.swift in Sources */,
				AB97CACC1DA1600300A6A272 /* DisassemblyViewController.swift in Sources */,
				AB97CACE1DA1600300A6A272 /* MainViewController.swift in Sources */,
			);
			runOnlyForDeploymentPostprocessing = 0;
		};
/* End PBXSourcesBuildPhase section */

/* Begin PBXTargetDependency section */
		AB3DF23F1D8DDE660048BE0A /* PBXTargetDependency */ = {
			isa = PBXTargetDependency;
			target = AB3DF22B1D8DDE660048BE0A /* APNGb */;
			targetProxy = AB3DF23E1D8DDE660048BE0A /* PBXContainerItemProxy */;
		};
/* End PBXTargetDependency section */

/* Begin PBXVariantGroup section */
		AB3DF2351D8DDE660048BE0A /* Main.storyboard */ = {
			isa = PBXVariantGroup;
			children = (
				AB3DF2361D8DDE660048BE0A /* Base */,
			);
			name = Main.storyboard;
			sourceTree = "<group>";
		};
/* End PBXVariantGroup section */

/* Begin XCBuildConfiguration section */
		AB3DF2441D8DDE660048BE0A /* Debug */ = {
			isa = XCBuildConfiguration;
			buildSettings = {
				ALWAYS_SEARCH_USER_PATHS = NO;
				CLANG_ANALYZER_NONNULL = YES;
				CLANG_CXX_LANGUAGE_STANDARD = "gnu++0x";
				CLANG_CXX_LIBRARY = "libc++";
				CLANG_ENABLE_MODULES = YES;
				CLANG_ENABLE_OBJC_ARC = YES;
				CLANG_WARN_BOOL_CONVERSION = YES;
				CLANG_WARN_CONSTANT_CONVERSION = YES;
				CLANG_WARN_DIRECT_OBJC_ISA_USAGE = YES_ERROR;
				CLANG_WARN_DOCUMENTATION_COMMENTS = YES;
				CLANG_WARN_EMPTY_BODY = YES;
				CLANG_WARN_ENUM_CONVERSION = YES;
				CLANG_WARN_INFINITE_RECURSION = YES;
				CLANG_WARN_INT_CONVERSION = YES;
				CLANG_WARN_OBJC_ROOT_CLASS = YES_ERROR;
				CLANG_WARN_SUSPICIOUS_MOVE = YES;
				CLANG_WARN_SUSPICIOUS_MOVES = YES;
				CLANG_WARN_UNREACHABLE_CODE = YES;
				CLANG_WARN__DUPLICATE_METHOD_MATCH = YES;
				CODE_SIGN_IDENTITY = "-";
				COPY_PHASE_STRIP = NO;
				DEBUG_INFORMATION_FORMAT = dwarf;
				ENABLE_STRICT_OBJC_MSGSEND = YES;
				ENABLE_TESTABILITY = YES;
				GCC_C_LANGUAGE_STANDARD = gnu99;
				GCC_DYNAMIC_NO_PIC = NO;
				GCC_NO_COMMON_BLOCKS = YES;
				GCC_OPTIMIZATION_LEVEL = 0;
				GCC_PREPROCESSOR_DEFINITIONS = (
					"DEBUG=1",
					"$(inherited)",
				);
				GCC_WARN_64_TO_32_BIT_CONVERSION = YES;
				GCC_WARN_ABOUT_RETURN_TYPE = YES_ERROR;
				GCC_WARN_UNDECLARED_SELECTOR = YES;
				GCC_WARN_UNINITIALIZED_AUTOS = YES_AGGRESSIVE;
				GCC_WARN_UNUSED_FUNCTION = YES;
				GCC_WARN_UNUSED_VARIABLE = YES;
				MACOSX_DEPLOYMENT_TARGET = 10.11;
				MTL_ENABLE_DEBUG_INFO = YES;
				ONLY_ACTIVE_ARCH = YES;
				SDKROOT = macosx;
				SWIFT_ACTIVE_COMPILATION_CONDITIONS = DEBUG;
				SWIFT_OPTIMIZATION_LEVEL = "-Onone";
			};
			name = Debug;
		};
		AB3DF2451D8DDE660048BE0A /* Release */ = {
			isa = XCBuildConfiguration;
			buildSettings = {
				ALWAYS_SEARCH_USER_PATHS = NO;
				CLANG_ANALYZER_NONNULL = YES;
				CLANG_CXX_LANGUAGE_STANDARD = "gnu++0x";
				CLANG_CXX_LIBRARY = "libc++";
				CLANG_ENABLE_MODULES = YES;
				CLANG_ENABLE_OBJC_ARC = YES;
				CLANG_WARN_BOOL_CONVERSION = YES;
				CLANG_WARN_CONSTANT_CONVERSION = YES;
				CLANG_WARN_DIRECT_OBJC_ISA_USAGE = YES_ERROR;
				CLANG_WARN_DOCUMENTATION_COMMENTS = YES;
				CLANG_WARN_EMPTY_BODY = YES;
				CLANG_WARN_ENUM_CONVERSION = YES;
				CLANG_WARN_INFINITE_RECURSION = YES;
				CLANG_WARN_INT_CONVERSION = YES;
				CLANG_WARN_OBJC_ROOT_CLASS = YES_ERROR;
				CLANG_WARN_SUSPICIOUS_MOVE = YES;
				CLANG_WARN_SUSPICIOUS_MOVES = YES;
				CLANG_WARN_UNREACHABLE_CODE = YES;
				CLANG_WARN__DUPLICATE_METHOD_MATCH = YES;
				CODE_SIGN_IDENTITY = "-";
				COPY_PHASE_STRIP = NO;
				DEBUG_INFORMATION_FORMAT = "dwarf-with-dsym";
				ENABLE_NS_ASSERTIONS = NO;
				ENABLE_STRICT_OBJC_MSGSEND = YES;
				GCC_C_LANGUAGE_STANDARD = gnu99;
				GCC_NO_COMMON_BLOCKS = YES;
				GCC_WARN_64_TO_32_BIT_CONVERSION = YES;
				GCC_WARN_ABOUT_RETURN_TYPE = YES_ERROR;
				GCC_WARN_UNDECLARED_SELECTOR = YES;
				GCC_WARN_UNINITIALIZED_AUTOS = YES_AGGRESSIVE;
				GCC_WARN_UNUSED_FUNCTION = YES;
				GCC_WARN_UNUSED_VARIABLE = YES;
				MACOSX_DEPLOYMENT_TARGET = 10.11;
				MTL_ENABLE_DEBUG_INFO = NO;
				SDKROOT = macosx;
				SWIFT_OPTIMIZATION_LEVEL = "-Owholemodule";
			};
			name = Release;
		};
		AB3DF2471D8DDE660048BE0A /* Debug */ = {
			isa = XCBuildConfiguration;
			buildSettings = {
				ASSETCATALOG_COMPILER_APPICON_NAME = AppIcon;
				CODE_SIGN_IDENTITY = "Mac Developer";
				COMBINE_HIDPI_IMAGES = YES;
				DEVELOPMENT_TEAM = Q453Q9XLFV;
				INFOPLIST_FILE = APNGb/Info.plist;
				LD_RUNPATH_SEARCH_PATHS = "$(inherited) @executable_path/../Frameworks";
				PRODUCT_BUNDLE_IDENTIFIER = gs.godorojastefan.APNGb;
				PRODUCT_NAME = "$(TARGET_NAME)";
				SWIFT_VERSION = 3.0;
			};
			name = Debug;
		};
		AB3DF2481D8DDE660048BE0A /* Release */ = {
			isa = XCBuildConfiguration;
			buildSettings = {
				ASSETCATALOG_COMPILER_APPICON_NAME = AppIcon;
				CODE_SIGN_IDENTITY = "Mac Developer";
				COMBINE_HIDPI_IMAGES = YES;
				DEVELOPMENT_TEAM = Q453Q9XLFV;
				INFOPLIST_FILE = APNGb/Info.plist;
				LD_RUNPATH_SEARCH_PATHS = "$(inherited) @executable_path/../Frameworks";
				PRODUCT_BUNDLE_IDENTIFIER = gs.godorojastefan.APNGb;
				PRODUCT_NAME = "$(TARGET_NAME)";
				SWIFT_VERSION = 3.0;
			};
			name = Release;
		};
		AB3DF24A1D8DDE660048BE0A /* Debug */ = {
			isa = XCBuildConfiguration;
			buildSettings = {
				ALWAYS_EMBED_SWIFT_STANDARD_LIBRARIES = YES;
				BUNDLE_LOADER = "$(TEST_HOST)";
				COMBINE_HIDPI_IMAGES = YES;
				DEVELOPMENT_TEAM = Q453Q9XLFV;
				INFOPLIST_FILE = APNGbTests/Info.plist;
				LD_RUNPATH_SEARCH_PATHS = "$(inherited) @executable_path/../Frameworks @loader_path/../Frameworks";
				PRODUCT_BUNDLE_IDENTIFIER = gs.godorojastefan.APNGbTests;
				PRODUCT_NAME = "$(TARGET_NAME)";
				SWIFT_VERSION = 3.0;
				TEST_HOST = "$(BUILT_PRODUCTS_DIR)/APNGb.app/Contents/MacOS/APNGb";
			};
			name = Debug;
		};
		AB3DF24B1D8DDE660048BE0A /* Release */ = {
			isa = XCBuildConfiguration;
			buildSettings = {
				ALWAYS_EMBED_SWIFT_STANDARD_LIBRARIES = YES;
				BUNDLE_LOADER = "$(TEST_HOST)";
				COMBINE_HIDPI_IMAGES = YES;
				DEVELOPMENT_TEAM = Q453Q9XLFV;
				INFOPLIST_FILE = APNGbTests/Info.plist;
				LD_RUNPATH_SEARCH_PATHS = "$(inherited) @executable_path/../Frameworks @loader_path/../Frameworks";
				PRODUCT_BUNDLE_IDENTIFIER = gs.godorojastefan.APNGbTests;
				PRODUCT_NAME = "$(TARGET_NAME)";
				SWIFT_VERSION = 3.0;
				TEST_HOST = "$(BUILT_PRODUCTS_DIR)/APNGb.app/Contents/MacOS/APNGb";
			};
			name = Release;
		};
/* End XCBuildConfiguration section */

/* Begin XCConfigurationList section */
		AB3DF2271D8DDE660048BE0A /* Build configuration list for PBXProject "APNGb" */ = {
			isa = XCConfigurationList;
			buildConfigurations = (
				AB3DF2441D8DDE660048BE0A /* Debug */,
				AB3DF2451D8DDE660048BE0A /* Release */,
			);
			defaultConfigurationIsVisible = 0;
			defaultConfigurationName = Release;
		};
		AB3DF2461D8DDE660048BE0A /* Build configuration list for PBXNativeTarget "APNGb" */ = {
			isa = XCConfigurationList;
			buildConfigurations = (
				AB3DF2471D8DDE660048BE0A /* Debug */,
				AB3DF2481D8DDE660048BE0A /* Release */,
			);
			defaultConfigurationIsVisible = 0;
			defaultConfigurationName = Release;
		};
		AB3DF2491D8DDE660048BE0A /* Build configuration list for PBXNativeTarget "APNGbTests" */ = {
			isa = XCConfigurationList;
			buildConfigurations = (
				AB3DF24A1D8DDE660048BE0A /* Debug */,
				AB3DF24B1D8DDE660048BE0A /* Release */,
			);
			defaultConfigurationIsVisible = 0;
			defaultConfigurationName = Release;
		};
/* End XCConfigurationList section */
	};
	rootObject = AB3DF2241D8DDE660048BE0A /* Project object */;
}
