// !$*UTF8*$!
{
	archiveVersion = 1;
	classes = {
	};
	objectVersion = 46;
	objects = {

/* Begin PBXFileReference section */
		AB97CAD71DA160D500A6A272 /* aclocal.m4 */ = {isa = PBXFileReference; lastKnownFileType = text; path = aclocal.m4; sourceTree = "<group>"; };
		AB97CAD81DA160D500A6A272 /* ANNOUNCE */ = {isa = PBXFileReference; lastKnownFileType = text; path = ANNOUNCE; sourceTree = "<group>"; };
		AB97CAD91DA160D500A6A272 /* arm */ = {isa = PBXFileReference; lastKnownFileType = folder; path = arm; sourceTree = "<group>"; };
		AB97CADA1DA160D500A6A272 /* autogen.sh */ = {isa = PBXFileReference; lastKnownFileType = text.script.sh; path = autogen.sh; sourceTree = "<group>"; };
		AB97CADB1DA160D500A6A272 /* CHANGES */ = {isa = PBXFileReference; lastKnownFileType = text; path = CHANGES; sourceTree = "<group>"; };
		AB97CADC1DA160D500A6A272 /* CMakeLists.txt */ = {isa = PBXFileReference; lastKnownFileType = text; path = CMakeLists.txt; sourceTree = "<group>"; };
		AB97CADD1DA160D500A6A272 /* compile */ = {isa = PBXFileReference; lastKnownFileType = text.script.sh; path = compile; sourceTree = "<group>"; };
		AB97CADE1DA160D500A6A272 /* config.guess */ = {isa = PBXFileReference; lastKnownFileType = text.script.sh; path = config.guess; sourceTree = "<group>"; };
		AB97CADF1DA160D500A6A272 /* config.h.in */ = {isa = PBXFileReference; lastKnownFileType = text; path = config.h.in; sourceTree = "<group>"; };
		AB97CAE01DA160D500A6A272 /* config.sub */ = {isa = PBXFileReference; lastKnownFileType = text.script.sh; path = config.sub; sourceTree = "<group>"; };
		AB97CAE11DA160D500A6A272 /* configure */ = {isa = PBXFileReference; lastKnownFileType = text.script.sh; path = configure; sourceTree = "<group>"; };
		AB97CAE21DA160D500A6A272 /* configure.ac */ = {isa = PBXFileReference; lastKnownFileType = text; path = configure.ac; sourceTree = "<group>"; };
		AB97CAE31DA160D500A6A272 /* contrib */ = {isa = PBXFileReference; lastKnownFileType = folder; path = contrib; sourceTree = "<group>"; };
		AB97CAE41DA160D500A6A272 /* depcomp */ = {isa = PBXFileReference; lastKnownFileType = text.script.sh; path = depcomp; sourceTree = "<group>"; };
		AB97CAE51DA160D500A6A272 /* example.c */ = {isa = PBXFileReference; lastKnownFileType = sourcecode.c.c; path = example.c; sourceTree = "<group>"; };
		AB97CAE61DA160D500A6A272 /* INSTALL */ = {isa = PBXFileReference; lastKnownFileType = text; path = INSTALL; sourceTree = "<group>"; };
		AB97CAE71DA160D500A6A272 /* install-sh */ = {isa = PBXFileReference; lastKnownFileType = text.script.sh; path = "install-sh"; sourceTree = "<group>"; };
		AB97CAE81DA160D500A6A272 /* libpng-config.in */ = {isa = PBXFileReference; lastKnownFileType = text.script.sh; path = "libpng-config.in"; sourceTree = "<group>"; };
		AB97CAE91DA160D500A6A272 /* libpng-manual.txt */ = {isa = PBXFileReference; lastKnownFileType = text; path = "libpng-manual.txt"; sourceTree = "<group>"; };
		AB97CAEA1DA160D500A6A272 /* libpng.3 */ = {isa = PBXFileReference; lastKnownFileType = text; path = libpng.3; sourceTree = "<group>"; };
		AB97CAEB1DA160D500A6A272 /* libpng.pc.in */ = {isa = PBXFileReference; lastKnownFileType = text; path = libpng.pc.in; sourceTree = "<group>"; };
		AB97CAEC1DA160D500A6A272 /* libpngpf.3 */ = {isa = PBXFileReference; lastKnownFileType = text; path = libpngpf.3; sourceTree = "<group>"; };
		AB97CAED1DA160D500A6A272 /* LICENSE */ = {isa = PBXFileReference; lastKnownFileType = text; path = LICENSE; sourceTree = "<group>"; };
		AB97CAEE1DA160D500A6A272 /* ltmain.sh */ = {isa = PBXFileReference; lastKnownFileType = text.script.sh; path = ltmain.sh; sourceTree = "<group>"; };
		AB97CAEF1DA160D500A6A272 /* Makefile.am */ = {isa = PBXFileReference; lastKnownFileType = text; path = Makefile.am; sourceTree = "<group>"; };
		AB97CAF01DA160D500A6A272 /* Makefile.in */ = {isa = PBXFileReference; lastKnownFileType = text; path = Makefile.in; sourceTree = "<group>"; };
		AB97CAF11DA160D500A6A272 /* mips */ = {isa = PBXFileReference; lastKnownFileType = folder; path = mips; sourceTree = "<group>"; };
		AB97CAF21DA160D500A6A272 /* missing */ = {isa = PBXFileReference; lastKnownFileType = text.script.sh; path = missing; sourceTree = "<group>"; };
		AB97CAF31DA160D500A6A272 /* png.5 */ = {isa = PBXFileReference; lastKnownFileType = text; path = png.5; sourceTree = "<group>"; };
		AB97CAF41DA160D500A6A272 /* png.c */ = {isa = PBXFileReference; lastKnownFileType = sourcecode.c.c; path = png.c; sourceTree = "<group>"; };
		AB97CAF51DA160D500A6A272 /* png.h */ = {isa = PBXFileReference; lastKnownFileType = sourcecode.c.h; path = png.h; sourceTree = "<group>"; };
		AB97CAF61DA160D500A6A272 /* pngbar.jpg */ = {isa = PBXFileReference; lastKnownFileType = image.jpeg; path = pngbar.jpg; sourceTree = "<group>"; };
		AB97CAF71DA160D500A6A272 /* pngbar.png */ = {isa = PBXFileReference; lastKnownFileType = image.png; path = pngbar.png; sourceTree = "<group>"; };
		AB97CAF81DA160D500A6A272 /* pngconf.h */ = {isa = PBXFileReference; lastKnownFileType = sourcecode.c.h; path = pngconf.h; sourceTree = "<group>"; };
		AB97CAF91DA160D500A6A272 /* pngdebug.h */ = {isa = PBXFileReference; lastKnownFileType = sourcecode.c.h; path = pngdebug.h; sourceTree = "<group>"; };
		AB97CAFA1DA160D500A6A272 /* pngerror.c */ = {isa = PBXFileReference; lastKnownFileType = sourcecode.c.c; path = pngerror.c; sourceTree = "<group>"; };
		AB97CAFB1DA160D500A6A272 /* pngget.c */ = {isa = PBXFileReference; lastKnownFileType = sourcecode.c.c; path = pngget.c; sourceTree = "<group>"; };
		AB97CAFC1DA160D500A6A272 /* pnginfo.h */ = {isa = PBXFileReference; lastKnownFileType = sourcecode.c.h; path = pnginfo.h; sourceTree = "<group>"; };
		AB97CAFD1DA160D500A6A272 /* pngmem.c */ = {isa = PBXFileReference; lastKnownFileType = sourcecode.c.c; path = pngmem.c; sourceTree = "<group>"; };
		AB97CAFE1DA160D500A6A272 /* pngnow.png */ = {isa = PBXFileReference; lastKnownFileType = image.png; path = pngnow.png; sourceTree = "<group>"; };
		AB97CAFF1DA160D500A6A272 /* pngpread.c */ = {isa = PBXFileReference; lastKnownFileType = sourcecode.c.c; path = pngpread.c; sourceTree = "<group>"; };
		AB97CB001DA160D500A6A272 /* pngpriv.h */ = {isa = PBXFileReference; lastKnownFileType = sourcecode.c.h; path = pngpriv.h; sourceTree = "<group>"; };
		AB97CB011DA160D500A6A272 /* pngread.c */ = {isa = PBXFileReference; lastKnownFileType = sourcecode.c.c; path = pngread.c; sourceTree = "<group>"; };
		AB97CB021DA160D500A6A272 /* pngrio.c */ = {isa = PBXFileReference; lastKnownFileType = sourcecode.c.c; path = pngrio.c; sourceTree = "<group>"; };
		AB97CB031DA160D500A6A272 /* pngrtran.c */ = {isa = PBXFileReference; lastKnownFileType = sourcecode.c.c; path = pngrtran.c; sourceTree = "<group>"; };
		AB97CB041DA160D500A6A272 /* pngrutil.c */ = {isa = PBXFileReference; lastKnownFileType = sourcecode.c.c; path = pngrutil.c; sourceTree = "<group>"; };
		AB97CB051DA160D500A6A272 /* pngset.c */ = {isa = PBXFileReference; lastKnownFileType = sourcecode.c.c; path = pngset.c; sourceTree = "<group>"; };
		AB97CB061DA160D500A6A272 /* pngstruct.h */ = {isa = PBXFileReference; lastKnownFileType = sourcecode.c.h; path = pngstruct.h; sourceTree = "<group>"; };
		AB97CB071DA160D500A6A272 /* pngtest.c */ = {isa = PBXFileReference; lastKnownFileType = sourcecode.c.c; path = pngtest.c; sourceTree = "<group>"; };
		AB97CB081DA160D500A6A272 /* pngtest.png */ = {isa = PBXFileReference; lastKnownFileType = image.png; path = pngtest.png; sourceTree = "<group>"; };
		AB97CB091DA160D500A6A272 /* pngtrans.c */ = {isa = PBXFileReference; lastKnownFileType = sourcecode.c.c; path = pngtrans.c; sourceTree = "<group>"; };
		AB97CB0A1DA160D500A6A272 /* pngusr.dfa */ = {isa = PBXFileReference; lastKnownFileType = text; path = pngusr.dfa; sourceTree = "<group>"; };
		AB97CB0B1DA160D500A6A272 /* pngwio.c */ = {isa = PBXFileReference; lastKnownFileType = sourcecode.c.c; path = pngwio.c; sourceTree = "<group>"; };
		AB97CB0C1DA160D500A6A272 /* pngwrite.c */ = {isa = PBXFileReference; lastKnownFileType = sourcecode.c.c; path = pngwrite.c; sourceTree = "<group>"; };
		AB97CB0D1DA160D500A6A272 /* pngwtran.c */ = {isa = PBXFileReference; lastKnownFileType = sourcecode.c.c; path = pngwtran.c; sourceTree = "<group>"; };
		AB97CB0E1DA160D500A6A272 /* pngwutil.c */ = {isa = PBXFileReference; lastKnownFileType = sourcecode.c.c; path = pngwutil.c; sourceTree = "<group>"; };
		AB97CB0F1DA160D500A6A272 /* projects */ = {isa = PBXFileReference; lastKnownFileType = folder; path = projects; sourceTree = "<group>"; };
		AB97CB101DA160D500A6A272 /* README */ = {isa = PBXFileReference; lastKnownFileType = text; path = README; sourceTree = "<group>"; };
		AB97CB111DA160D500A6A272 /* scripts */ = {isa = PBXFileReference; lastKnownFileType = folder; path = scripts; sourceTree = "<group>"; };
		AB97CB121DA160D500A6A272 /* test-driver */ = {isa = PBXFileReference; lastKnownFileType = text.script.sh; path = "test-driver"; sourceTree = "<group>"; };
		AB97CB131DA160D500A6A272 /* tests */ = {isa = PBXFileReference; lastKnownFileType = folder; path = tests; sourceTree = "<group>"; };
		AB97CB141DA160D500A6A272 /* TODO */ = {isa = PBXFileReference; lastKnownFileType = text; path = TODO; sourceTree = "<group>"; };
/* End PBXFileReference section */

/* Begin PBXGroup section */
		AB97CAD11DA160D500A6A272 = {
			isa = PBXGroup;
			children = (
				AB97CAD71DA160D500A6A272 /* aclocal.m4 */,
				AB97CAD81DA160D500A6A272 /* ANNOUNCE */,
				AB97CAD91DA160D500A6A272 /* arm */,
				AB97CADA1DA160D500A6A272 /* autogen.sh */,
				AB97CADB1DA160D500A6A272 /* CHANGES */,
				AB97CADC1DA160D500A6A272 /* CMakeLists.txt */,
				AB97CADD1DA160D500A6A272 /* compile */,
				AB97CADE1DA160D500A6A272 /* config.guess */,
				AB97CADF1DA160D500A6A272 /* config.h.in */,
				AB97CAE01DA160D500A6A272 /* config.sub */,
				AB97CAE11DA160D500A6A272 /* configure */,
				AB97CAE21DA160D500A6A272 /* configure.ac */,
				AB97CAE31DA160D500A6A272 /* contrib */,
				AB97CAE41DA160D500A6A272 /* depcomp */,
				AB97CAE51DA160D500A6A272 /* example.c */,
				AB97CAE61DA160D500A6A272 /* INSTALL */,
				AB97CAE71DA160D500A6A272 /* install-sh */,
				AB97CAE81DA160D500A6A272 /* libpng-config.in */,
				AB97CAE91DA160D500A6A272 /* libpng-manual.txt */,
				AB97CAEA1DA160D500A6A272 /* libpng.3 */,
				AB97CAEB1DA160D500A6A272 /* libpng.pc.in */,
				AB97CAEC1DA160D500A6A272 /* libpngpf.3 */,
				AB97CAED1DA160D500A6A272 /* LICENSE */,
				AB97CAEE1DA160D500A6A272 /* ltmain.sh */,
				AB97CAEF1DA160D500A6A272 /* Makefile.am */,
				AB97CAF01DA160D500A6A272 /* Makefile.in */,
				AB97CAF11DA160D500A6A272 /* mips */,
				AB97CAF21DA160D500A6A272 /* missing */,
				AB97CAF31DA160D500A6A272 /* png.5 */,
				AB97CAF41DA160D500A6A272 /* png.c */,
				AB97CAF51DA160D500A6A272 /* png.h */,
				AB97CAF61DA160D500A6A272 /* pngbar.jpg */,
				AB97CAF71DA160D500A6A272 /* pngbar.png */,
				AB97CAF81DA160D500A6A272 /* pngconf.h */,
				AB97CAF91DA160D500A6A272 /* pngdebug.h */,
				AB97CAFA1DA160D500A6A272 /* pngerror.c */,
				AB97CAFB1DA160D500A6A272 /* pngget.c */,
				AB97CAFC1DA160D500A6A272 /* pnginfo.h */,
				AB97CAFD1DA160D500A6A272 /* pngmem.c */,
				AB97CAFE1DA160D500A6A272 /* pngnow.png */,
				AB97CAFF1DA160D500A6A272 /* pngpread.c */,
				AB97CB001DA160D500A6A272 /* pngpriv.h */,
				AB97CB011DA160D500A6A272 /* pngread.c */,
				AB97CB021DA160D500A6A272 /* pngrio.c */,
				AB97CB031DA160D500A6A272 /* pngrtran.c */,
				AB97CB041DA160D500A6A272 /* pngrutil.c */,
				AB97CB051DA160D500A6A272 /* pngset.c */,
				AB97CB061DA160D500A6A272 /* pngstruct.h */,
				AB97CB071DA160D500A6A272 /* pngtest.c */,
				AB97CB081DA160D500A6A272 /* pngtest.png */,
				AB97CB091DA160D500A6A272 /* pngtrans.c */,
				AB97CB0A1DA160D500A6A272 /* pngusr.dfa */,
				AB97CB0B1DA160D500A6A272 /* pngwio.c */,
				AB97CB0C1DA160D500A6A272 /* pngwrite.c */,
				AB97CB0D1DA160D500A6A272 /* pngwtran.c */,
				AB97CB0E1DA160D500A6A272 /* pngwutil.c */,
				AB97CB0F1DA160D500A6A272 /* projects */,
				AB97CB101DA160D500A6A272 /* README */,
				AB97CB111DA160D500A6A272 /* scripts */,
				AB97CB121DA160D500A6A272 /* test-driver */,
				AB97CB131DA160D500A6A272 /* tests */,
				AB97CB141DA160D500A6A272 /* TODO */,
			);
			sourceTree = "<group>";
		};
/* End PBXGroup section */

/* Begin PBXLegacyTarget section */
		AB97CAD61DA160D500A6A272 /* libpng-1.6.25 */ = {
			isa = PBXLegacyTarget;
			buildArgumentsString = "$(ACTION)";
			buildConfigurationList = AB97CB151DA160D500A6A272 /* Build configuration list for PBXLegacyTarget "libpng-1.6.25" */;
			buildPhases = (
			);
			buildToolPath = /usr/bin/make;
			buildWorkingDirectory = "/Users/Gottlieb/Developer/Open-Source/Personal/Mac/APNGb/APNGb/APNGb/APNGb/libpng-1.6.25";
			dependencies = (
			);
			name = "libpng-1.6.25";
			passBuildSettingsInEnvironment = 1;
			productName = "libpng-1.6.25";
		};
/* End PBXLegacyTarget section */

/* Begin PBXProject section */
		AB97CAD21DA160D500A6A272 /* Project object */ = {
			isa = PBXProject;
			attributes = {
			};
			buildConfigurationList = AB97CAD51DA160D500A6A272 /* Build configuration list for PBXProject "libpng-1.6.25" */;
			compatibilityVersion = "Xcode 3.2";
			developmentRegion = English;
			hasScannedForEncodings = 0;
			knownRegions = (
				en,
			);
			mainGroup = AB97CAD11DA160D500A6A272;
			projectDirPath = "";
			projectRoot = "";
			targets = (
				AB97CAD61DA160D500A6A272 /* libpng-1.6.25 */,
			);
		};
/* End PBXProject section */

/* Begin XCBuildConfiguration section */
		AB97CAD31DA160D500A6A272 /* Debug */ = {
			isa = XCBuildConfiguration;
			buildSettings = {
				ARCHS = "$(ARCHS_STANDARD_32_BIT)";
				COPY_PHASE_STRIP = NO;
				GCC_WARN_ABOUT_RETURN_TYPE = YES;
				GCC_WARN_UNUSED_VARIABLE = YES;
				ONLY_ACTIVE_ARCH = YES;
				SDKROOT = macosx10.6;
			};
			name = Debug;
		};
		AB97CAD41DA160D500A6A272 /* Release */ = {
			isa = XCBuildConfiguration;
			buildSettings = {
				ARCHS = "$(ARCHS_STANDARD_32_BIT)";
				COPY_PHASE_STRIP = YES;
				GCC_WARN_ABOUT_RETURN_TYPE = YES;
				GCC_WARN_UNUSED_VARIABLE = YES;
				SDKROOT = macosx10.6;
			};
			name = Release;
		};
		AB97CB161DA160D500A6A272 /* Debug */ = {
			isa = XCBuildConfiguration;
			buildSettings = {
				COPY_PHASE_STRIP = NO;
				DEBUGGING_SYMBOLS = YES;
				GCC_DYNAMIC_NO_PIC = NO;
				GCC_ENABLE_FIX_AND_CONTINUE = YES;
				GCC_GENERATE_DEBUGGING_SYMBOLS = YES;
				GCC_OPTIMIZATION_LEVEL = 0;
				OTHER_CFLAGS = "";
				OTHER_LDFLAGS = "";
				PRODUCT_NAME = "libpng-1.6.25";
			};
			name = Debug;
		};
		AB97CB171DA160D500A6A272 /* Release */ = {
			isa = XCBuildConfiguration;
			buildSettings = {
				COPY_PHASE_STRIP = YES;
				DEBUG_INFORMATION_FORMAT = "dwarf-with-dsym";
				GCC_ENABLE_FIX_AND_CONTINUE = NO;
				OTHER_CFLAGS = "";
				OTHER_LDFLAGS = "";
				PRODUCT_NAME = "libpng-1.6.25";
			};
			name = Release;
		};
/* End XCBuildConfiguration section */

/* Begin XCConfigurationList section */
		AB97CAD51DA160D500A6A272 /* Build configuration list for PBXProject "libpng-1.6.25" */ = {
			isa = XCConfigurationList;
			buildConfigurations = (
				AB97CAD31DA160D500A6A272 /* Debug */,
				AB97CAD41DA160D500A6A272 /* Release */,
			);
			defaultConfigurationIsVisible = 0;
			defaultConfigurationName = Release;
		};
		AB97CB151DA160D500A6A272 /* Build configuration list for PBXLegacyTarget "libpng-1.6.25" */ = {
			isa = XCConfigurationList;
			buildConfigurations = (
				AB97CB161DA160D500A6A272 /* Debug */,
				AB97CB171DA160D500A6A272 /* Release */,
			);
			defaultConfigurationIsVisible = 0;
			defaultConfigurationName = Release;
		};
/* End XCConfigurationList section */
	};
	rootObject = AB97CAD21DA160D500A6A272 /* Project object */;
}
